
Microsoft Visual Studio Solution File, Format Version 12.00
# Visual Studio Version 17
VisualStudioVersion = 17.11.35222.181
MinimumVisualStudioVersion = 10.0.40219.1
Project("{FAE04EC0-301F-11D3-BF4B-00C04F79EFBC}") = "Tabibak.API", "Tabibak.API\Tabibak.API.csproj", "{3C30462C-5A64-428A-8FF2-72DFCAD49F43}"
EndProject
Global
	GlobalSection(SolutionConfigurationPlatforms) = preSolution
		Debug|Any CPU = Debug|Any CPU
		Release|Any CPU = Release|Any CPU
	EndGlobalSection
	GlobalSection(ProjectConfigurationPlatforms) = postSolution
		{3C30462C-5A64-428A-8FF2-72DFCAD49F43}.Debug|Any CPU.ActiveCfg = Debug|Any CPU
		{3C30462C-5A64-428A-8FF2-72DFCAD49F43}.Debug|Any CPU.Build.0 = Debug|Any CPU
		{3C30462C-5A64-428A-8FF2-72DFCAD49F43}.Release|Any CPU.ActiveCfg = Release|Any CPU
		{3C30462C-5A64-428A-8FF2-72DFCAD49F43}.Release|Any CPU.Build.0 = Release|Any CPU
	EndGlobalSection
	GlobalSection(SolutionProperties) = preSolution
		HideSolutionNode = FALSE
	EndGlobalSection
	GlobalSection(ExtensibilityGlobals) = postSolution
		SolutionGuid = {9063DC4D-3C4D-4CFA-96AC-631527C5D362}
	EndGlobalSection
EndGlobal
